{
  "name": "NewTab11",
  "lockfileVersion": 2,
  "requires": true,
  "packages": {
    "": {
      "dependencies": {
        "fluent-reveal-effect": "^2.0.8"
      }
    },
    "node_modules/fluent-reveal-effect": {
      "version": "2.0.8",
      "resolved": "https://registry.npmjs.org/fluent-reveal-effect/-/fluent-reveal-effect-2.0.8.tgz",
      "integrity": "sha512-wQTrZ9ceTMctAuA/E4Tf6ElHVmcnp/22uc2xxftDoxGZdI1lmwWT4LXIKPrVWyILZbjLjja1EkNngL1ZduqwAQ=="
    }
  },
  "dependencies": {
    "fluent-reveal-effect": {
      "version": "2.0.8",
      "resolved": "https://registry.npmjs.org/fluent-reveal-effect/-/fluent-reveal-effect-2.0.8.tgz",
      "integrity": "sha512-wQTrZ9ceTMctAuA/E4Tf6ElHVmcnp/22uc2xxftDoxGZdI1lmwWT4LXIKPrVWyILZbjLjja1EkNngL1ZduqwAQ=="
    }
  }
}
